
Microsoft Visual Studio Solution File, Format Version 12.00
# Visual Studio Version 16
VisualStudioVersion = 25.0.1700.0
MinimumVisualStudioVersion = 10.0.40219.1
Project("{FAE04EC0-301F-11D3-BF4B-00C04F79EFBC}") = "codecrafters-redis", "codecrafters-redis.csproj", "{D133C1BC-18C6-4906-A04C-7104C5285736}"
EndProject
Project("{2150E333-8FDC-42A3-9474-1A3956D46DE8}") = "tests", "tests", "{0AB3BF05-4346-4AA6-1389-037BE0695223}"
EndProject
Project("{FAE04EC0-301F-11D3-BF4B-00C04F79EFBC}") = "RedisServer.Tests", "tests\RedisServer.Tests.csproj", "{793559EB-B557-4B78-B909-B6C52BB8C947}"
EndProject
Global
	GlobalSection(SolutionConfigurationPlatforms) = preSolution
		Debug|Any CPU = Debug|Any CPU
		Debug|x64 = Debug|x64
		Debug|x86 = Debug|x86
		Release|Any CPU = Release|Any CPU
		Release|x64 = Release|x64
		Release|x86 = Release|x86
	EndGlobalSection
	GlobalSection(ProjectConfigurationPlatforms) = postSolution
		{D133C1BC-18C6-4906-A04C-7104C5285736}.Debug|Any CPU.ActiveCfg = Debug|Any CPU
		{D133C1BC-18C6-4906-A04C-7104C5285736}.Debug|Any CPU.Build.0 = Debug|Any CPU
		{D133C1BC-18C6-4906-A04C-7104C5285736}.Debug|x64.ActiveCfg = Debug|Any CPU
		{D133C1BC-18C6-4906-A04C-7104C5285736}.Debug|x64.Build.0 = Debug|Any CPU
		{D133C1BC-18C6-4906-A04C-7104C5285736}.Debug|x86.ActiveCfg = Debug|Any CPU
		{D133C1BC-18C6-4906-A04C-7104C5285736}.Debug|x86.Build.0 = Debug|Any CPU
		{D133C1BC-18C6-4906-A04C-7104C5285736}.Release|Any CPU.ActiveCfg = Release|Any CPU
		{D133C1BC-18C6-4906-A04C-7104C5285736}.Release|Any CPU.Build.0 = Release|Any CPU
		{D133C1BC-18C6-4906-A04C-7104C5285736}.Release|x64.ActiveCfg = Release|Any CPU
		{D133C1BC-18C6-4906-A04C-7104C5285736}.Release|x64.Build.0 = Release|Any CPU
		{D133C1BC-18C6-4906-A04C-7104C5285736}.Release|x86.ActiveCfg = Release|Any CPU
		{D133C1BC-18C6-4906-A04C-7104C5285736}.Release|x86.Build.0 = Release|Any CPU
		{793559EB-B557-4B78-B909-B6C52BB8C947}.Debug|Any CPU.ActiveCfg = Debug|Any CPU
		{793559EB-B557-4B78-B909-B6C52BB8C947}.Debug|Any CPU.Build.0 = Debug|Any CPU
		{793559EB-B557-4B78-B909-B6C52BB8C947}.Debug|x64.ActiveCfg = Debug|Any CPU
		{793559EB-B557-4B78-B909-B6C52BB8C947}.Debug|x64.Build.0 = Debug|Any CPU
		{793559EB-B557-4B78-B909-B6C52BB8C947}.Debug|x86.ActiveCfg = Debug|Any CPU
		{793559EB-B557-4B78-B909-B6C52BB8C947}.Debug|x86.Build.0 = Debug|Any CPU
		{793559EB-B557-4B78-B909-B6C52BB8C947}.Release|Any CPU.ActiveCfg = Release|Any CPU
		{793559EB-B557-4B78-B909-B6C52BB8C947}.Release|Any CPU.Build.0 = Release|Any CPU
		{793559EB-B557-4B78-B909-B6C52BB8C947}.Release|x64.ActiveCfg = Release|Any CPU
		{793559EB-B557-4B78-B909-B6C52BB8C947}.Release|x64.Build.0 = Release|Any CPU
		{793559EB-B557-4B78-B909-B6C52BB8C947}.Release|x86.ActiveCfg = Release|Any CPU
		{793559EB-B557-4B78-B909-B6C52BB8C947}.Release|x86.Build.0 = Release|Any CPU
	EndGlobalSection
	GlobalSection(SolutionProperties) = preSolution
		HideSolutionNode = FALSE
	EndGlobalSection
	GlobalSection(NestedProjects) = preSolution
		{793559EB-B557-4B78-B909-B6C52BB8C947} = {0AB3BF05-4346-4AA6-1389-037BE0695223}
	EndGlobalSection
	GlobalSection(ExtensibilityGlobals) = postSolution
		SolutionGuid = {FEE7CEA9-874B-4F36-8451-CC1F1F2EB241}
	EndGlobalSection
EndGlobal
